// !$*UTF8*$!
{
	archiveVersion = 1;
	classes = {
	};
	objectVersion = 52;
	objects = {

/* Begin PBXBuildFile section */
		1E18AD0B26942B5600C70468 /* VideoWriter.swift in Sources */ = {isa = PBXBuildFile; fileRef = 1E18AD0A26942B5600C70468 /* VideoWriter.swift */; };
		1E18AD0C26942B5600C70468 /* FrameVideoRecorder.swift in Sources */ = {isa = PBXBuildFile; fileRef = 1E18AD0926942B5500C70468 /* FrameVideoRecorder.swift */; };
		1E18AD0E26942BFE00C70468 /* CVPixelBuffer+Ext.swift in Sources */ = {isa = PBXBuildFile; fileRef = 1E18AD0D26942BFE00C70468 /* CVPixelBuffer+Ext.swift */; };
		1E1DD8592668E47100F98410 /* MetalExamplesApp.swift in Sources */ = {isa = PBXBuildFile; fileRef = 1E1DD8582668E47100F98410 /* MetalExamplesApp.swift */; };
		1E1DD85B2668E47100F98410 /* ContentView.swift in Sources */ = {isa = PBXBuildFile; fileRef = 1E1DD85A2668E47100F98410 /* ContentView.swift */; };
		1E1DD85D2668E47200F98410 /* Assets.xcassets in Resources */ = {isa = PBXBuildFile; fileRef = 1E1DD85C2668E47200F98410 /* Assets.xcassets */; };
		1E1DD8602668E47200F98410 /* Preview Assets.xcassets in Resources */ = {isa = PBXBuildFile; fileRef = 1E1DD85F2668E47200F98410 /* Preview Assets.xcassets */; };
		1E1DD86B2668E47200F98410 /* MetalExamplesTests.swift in Sources */ = {isa = PBXBuildFile; fileRef = 1E1DD86A2668E47200F98410 /* MetalExamplesTests.swift */; };
		1E1DD8762668E47200F98410 /* MetalExamplesUITests.swift in Sources */ = {isa = PBXBuildFile; fileRef = 1E1DD8752668E47200F98410 /* MetalExamplesUITests.swift */; };
		1E1DD8862668E53D00F98410 /* SimpleView.swift in Sources */ = {isa = PBXBuildFile; fileRef = 1E1DD8852668E53D00F98410 /* SimpleView.swift */; };
		1E32D80C268EF131006BAC95 /* StoredParticleShader.metal in Sources */ = {isa = PBXBuildFile; fileRef = 1E32D80B268EF131006BAC95 /* StoredParticleShader.metal */; };
		1E370BC926D762820013D2FA /* MathUtilities.swift in Sources */ = {isa = PBXBuildFile; fileRef = 1E370BC826D762820013D2FA /* MathUtilities.swift */; };
		1E370BCD26D764AA0013D2FA /* DrawToCAMetalLayerView.swift in Sources */ = {isa = PBXBuildFile; fileRef = 1E370BCB26D7638E0013D2FA /* DrawToCAMetalLayerView.swift */; };
		1E370BCE26D764B00013D2FA /* CAMetalLayerView.swift in Sources */ = {isa = PBXBuildFile; fileRef = 1E370BCC26D7638E0013D2FA /* CAMetalLayerView.swift */; };
		1E437C2C2694276D001D1CCF /* VideoEffectView.swift in Sources */ = {isa = PBXBuildFile; fileRef = 1E4303A7269426FD00BFB25C /* VideoEffectView.swift */; };
		1E437C2D26942770001D1CCF /* VideoEffectMetalView.swift in Sources */ = {isa = PBXBuildFile; fileRef = 1E4303A8269426FD00BFB25C /* VideoEffectMetalView.swift */; };
		1E5A595926B67D050000500C /* Draw3DView.swift in Sources */ = {isa = PBXBuildFile; fileRef = 1E5A595726B67C950000500C /* Draw3DView.swift */; };
		1E5A595A26B67D090000500C /* Draw3DMetalView.swift in Sources */ = {isa = PBXBuildFile; fileRef = 1E5A595826B67C950000500C /* Draw3DMetalView.swift */; };
		1E5A595C26B680690000500C /* ShadersFor3D.metal in Sources */ = {isa = PBXBuildFile; fileRef = 1E5A595B26B680690000500C /* ShadersFor3D.metal */; };
		1E5A595E26B681460000500C /* Matrix.swift in Sources */ = {isa = PBXBuildFile; fileRef = 1E5A595D26B681460000500C /* Matrix.swift */; };
		1E6047E42669DECB00AAF2DD /* SimpleMetalView.swift in Sources */ = {isa = PBXBuildFile; fileRef = 1E6047E32669DECB00AAF2DD /* SimpleMetalView.swift */; };
		1E6047EA2669E3BF00AAF2DD /* DrawTextureView.swift in Sources */ = {isa = PBXBuildFile; fileRef = 1E6047E82669E2D500AAF2DD /* DrawTextureView.swift */; };
		1E6047EB2669E3C200AAF2DD /* DrawTextureMetalView.swift in Sources */ = {isa = PBXBuildFile; fileRef = 1E6047E92669E2D800AAF2DD /* DrawTextureMetalView.swift */; };
		1E613433266C9F0B009A4FBC /* ParticleView.swift in Sources */ = {isa = PBXBuildFile; fileRef = 1E61342F266C9EC7009A4FBC /* ParticleView.swift */; };
		1E613434266C9F0E009A4FBC /* ParticleMetalView.swift in Sources */ = {isa = PBXBuildFile; fileRef = 1E613430266C9EC7009A4FBC /* ParticleMetalView.swift */; };
		1E613435266C9F11009A4FBC /* RandomParticleShader.metal in Sources */ = {isa = PBXBuildFile; fileRef = 1E613432266C9EC7009A4FBC /* RandomParticleShader.metal */; };
		1E61343E266CC052009A4FBC /* CommnShaders.metal in Sources */ = {isa = PBXBuildFile; fileRef = 1E61343D266CC052009A4FBC /* CommnShaders.metal */; };
		1E7DB50426ACC7A900CFF60B /* DrawIndexedPrimitiveView.swift in Sources */ = {isa = PBXBuildFile; fileRef = 1E7DB50326ACC77100CFF60B /* DrawIndexedPrimitiveView.swift */; };
		1E7DB50526ACC7AC00CFF60B /* DrawIndexedPrimitiveMetalView.swift in Sources */ = {isa = PBXBuildFile; fileRef = 1E7DB50226ACC77100CFF60B /* DrawIndexedPrimitiveMetalView.swift */; };
		1E8CF5E826959EF100FE2F4B /* VideoEffectShader.metal in Sources */ = {isa = PBXBuildFile; fileRef = 1E4303A6269426FC00BFB25C /* VideoEffectShader.metal */; };
		1EAF6C5B266B67A100772496 /* GDPerformanceView.xcframework in Frameworks */ = {isa = PBXBuildFile; fileRef = 1EAF6C5A266B67A100772496 /* GDPerformanceView.xcframework */; };
		1EAF6C5C266B67A100772496 /* GDPerformanceView.xcframework in Embed Frameworks */ = {isa = PBXBuildFile; fileRef = 1EAF6C5A266B67A100772496 /* GDPerformanceView.xcframework */; settings = {ATTRIBUTES = (CodeSignOnCopy, RemoveHeadersOnCopy, ); }; };
		1EAF6C63266B6CD200772496 /* SimpleShaderView.swift in Sources */ = {isa = PBXBuildFile; fileRef = 1EAF6C62266B6C7C00772496 /* SimpleShaderView.swift */; };
		1EAF6C64266B6CD400772496 /* SimpleShaderMetalView.swift in Sources */ = {isa = PBXBuildFile; fileRef = 1EAF6C61266B6C7C00772496 /* SimpleShaderMetalView.swift */; };
		1EAF6C66266B6D4400772496 /* SimpleShader.metal in Sources */ = {isa = PBXBuildFile; fileRef = 1EAF6C65266B6D4400772496 /* SimpleShader.metal */; };
		1EBE45BB26F489130027FBD0 /* MultiPassRenderingView.swift in Sources */ = {isa = PBXBuildFile; fileRef = 1EBE45B926F488F70027FBD0 /* MultiPassRenderingView.swift */; };
		1EBE45BC26F489160027FBD0 /* MultiPassRenderingMetalView.swift in Sources */ = {isa = PBXBuildFile; fileRef = 1EBE45BA26F488F70027FBD0 /* MultiPassRenderingMetalView.swift */; };
		1EC2ACD726F886D00063EE4B /* MultiPassRenderingShader.metal in Sources */ = {isa = PBXBuildFile; fileRef = 1EC2ACD626F886D00063EE4B /* MultiPassRenderingShader.metal */; };
		1EE5073E269682D600CD34DF /* RainDropShader.metal in Sources */ = {isa = PBXBuildFile; fileRef = 1EE5073B2696824800CD34DF /* RainDropShader.metal */; };
		1EE5073F269682FA00CD34DF /* RainDropEffectView.swift in Sources */ = {isa = PBXBuildFile; fileRef = 1EE5073C2696829200CD34DF /* RainDropEffectView.swift */; };
		1EF25D6926EF3CF0004EAFD0 /* SimpleShapeView.swift in Sources */ = {isa = PBXBuildFile; fileRef = 1EF25D6726EF3C92004EAFD0 /* SimpleShapeView.swift */; };
		1EF25D6A26EF3CF4004EAFD0 /* SimpleShapeShader.metal in Sources */ = {isa = PBXBuildFile; fileRef = 1EF25D6826EF3C92004EAFD0 /* SimpleShapeShader.metal */; };
		1EF689A2268DA21200571F3F /* TripleBufferingView.swift in Sources */ = {isa = PBXBuildFile; fileRef = 1EF689A0268DA1A900571F3F /* TripleBufferingView.swift */; };
		1EF689A3268DA21500571F3F /* TripleBufferingMetalView.swift in Sources */ = {isa = PBXBuildFile; fileRef = 1EF689A1268DA1AB00571F3F /* TripleBufferingMetalView.swift */; };
/* End PBXBuildFile section */

/* Begin PBXContainerItemProxy section */
		1E1DD8672668E47200F98410 /* PBXContainerItemProxy */ = {
			isa = PBXContainerItemProxy;
			containerPortal = 1E1DD84D2668E47100F98410 /* Project object */;
			proxyType = 1;
			remoteGlobalIDString = 1E1DD8542668E47100F98410;
			remoteInfo = MetalExamples;
		};
		1E1DD8722668E47200F98410 /* PBXContainerItemProxy */ = {
			isa = PBXContainerItemProxy;
			containerPortal = 1E1DD84D2668E47100F98410 /* Project object */;
			proxyType = 1;
			remoteGlobalIDString = 1E1DD8542668E47100F98410;
			remoteInfo = MetalExamples;
		};
/* End PBXContainerItemProxy section */

/* Begin PBXCopyFilesBuildPhase section */
		1EAF6C5D266B67A100772496 /* Embed Frameworks */ = {
			isa = PBXCopyFilesBuildPhase;
			buildActionMask = 2147483647;
			dstPath = "";
			dstSubfolderSpec = 10;
			files = (
				1EAF6C5C266B67A100772496 /* GDPerformanceView.xcframework in Embed Frameworks */,
			);
			name = "Embed Frameworks";
			runOnlyForDeploymentPostprocessing = 0;
		};
/* End PBXCopyFilesBuildPhase section */

/* Begin PBXFileReference section */
		1E18AD0926942B5500C70468 /* FrameVideoRecorder.swift */ = {isa = PBXFileReference; lastKnownFileType = sourcecode.swift; path = FrameVideoRecorder.swift; sourceTree = "<group>"; };
		1E18AD0A26942B5600C70468 /* VideoWriter.swift */ = {isa = PBXFileReference; lastKnownFileType = sourcecode.swift; path = VideoWriter.swift; sourceTree = "<group>"; };
		1E18AD0D26942BFE00C70468 /* CVPixelBuffer+Ext.swift */ = {isa = PBXFileReference; lastKnownFileType = sourcecode.swift; path = "CVPixelBuffer+Ext.swift"; sourceTree = "<group>"; };
		1E1DD8552668E47100F98410 /* MetalExamples.app */ = {isa = PBXFileReference; explicitFileType = wrapper.application; includeInIndex = 0; path = MetalExamples.app; sourceTree = BUILT_PRODUCTS_DIR; };
		1E1DD8582668E47100F98410 /* MetalExamplesApp.swift */ = {isa = PBXFileReference; lastKnownFileType = sourcecode.swift; path = MetalExamplesApp.swift; sourceTree = "<group>"; };
		1E1DD85A2668E47100F98410 /* ContentView.swift */ = {isa = PBXFileReference; lastKnownFileType = sourcecode.swift; path = ContentView.swift; sourceTree = "<group>"; };
		1E1DD85C2668E47200F98410 /* Assets.xcassets */ = {isa = PBXFileReference; lastKnownFileType = folder.assetcatalog; path = Assets.xcassets; sourceTree = "<group>"; };
		1E1DD85F2668E47200F98410 /* Preview Assets.xcassets */ = {isa = PBXFileReference; lastKnownFileType = folder.assetcatalog; path = "Preview Assets.xcassets"; sourceTree = "<group>"; };
		1E1DD8612668E47200F98410 /* Info.plist */ = {isa = PBXFileReference; lastKnownFileType = text.plist.xml; path = Info.plist; sourceTree = "<group>"; };
		1E1DD8662668E47200F98410 /* MetalExamplesTests.xctest */ = {isa = PBXFileReference; explicitFileType = wrapper.cfbundle; includeInIndex = 0; path = MetalExamplesTests.xctest; sourceTree = BUILT_PRODUCTS_DIR; };
		1E1DD86A2668E47200F98410 /* MetalExamplesTests.swift */ = {isa = PBXFileReference; lastKnownFileType = sourcecode.swift; path = MetalExamplesTests.swift; sourceTree = "<group>"; };
		1E1DD86C2668E47200F98410 /* Info.plist */ = {isa = PBXFileReference; lastKnownFileType = text.plist.xml; path = Info.plist; sourceTree = "<group>"; };
		1E1DD8712668E47200F98410 /* MetalExamplesUITests.xctest */ = {isa = PBXFileReference; explicitFileType = wrapper.cfbundle; includeInIndex = 0; path = MetalExamplesUITests.xctest; sourceTree = BUILT_PRODUCTS_DIR; };
		1E1DD8752668E47200F98410 /* MetalExamplesUITests.swift */ = {isa = PBXFileReference; lastKnownFileType = sourcecode.swift; path = MetalExamplesUITests.swift; sourceTree = "<group>"; };
		1E1DD8772668E47200F98410 /* Info.plist */ = {isa = PBXFileReference; lastKnownFileType = text.plist.xml; path = Info.plist; sourceTree = "<group>"; };
		1E1DD8852668E53D00F98410 /* SimpleView.swift */ = {isa = PBXFileReference; lastKnownFileType = sourcecode.swift; path = SimpleView.swift; sourceTree = "<group>"; };
		1E32D80B268EF131006BAC95 /* StoredParticleShader.metal */ = {isa = PBXFileReference; lastKnownFileType = sourcecode.metal; path = StoredParticleShader.metal; sourceTree = "<group>"; };
		1E370BC826D762820013D2FA /* MathUtilities.swift */ = {isa = PBXFileReference; lastKnownFileType = sourcecode.swift; path = MathUtilities.swift; sourceTree = "<group>"; };
		1E370BCB26D7638E0013D2FA /* DrawToCAMetalLayerView.swift */ = {isa = PBXFileReference; lastKnownFileType = sourcecode.swift; path = DrawToCAMetalLayerView.swift; sourceTree = "<group>"; };
		1E370BCC26D7638E0013D2FA /* CAMetalLayerView.swift */ = {isa = PBXFileReference; lastKnownFileType = sourcecode.swift; path = CAMetalLayerView.swift; sourceTree = "<group>"; };
		1E4303A6269426FC00BFB25C /* VideoEffectShader.metal */ = {isa = PBXFileReference; lastKnownFileType = sourcecode.metal; path = VideoEffectShader.metal; sourceTree = "<group>"; };
		1E4303A7269426FD00BFB25C /* VideoEffectView.swift */ = {isa = PBXFileReference; lastKnownFileType = sourcecode.swift; path = VideoEffectView.swift; sourceTree = "<group>"; };
		1E4303A8269426FD00BFB25C /* VideoEffectMetalView.swift */ = {isa = PBXFileReference; lastKnownFileType = sourcecode.swift; path = VideoEffectMetalView.swift; sourceTree = "<group>"; };
		1E5A595726B67C950000500C /* Draw3DView.swift */ = {isa = PBXFileReference; lastKnownFileType = sourcecode.swift; path = Draw3DView.swift; sourceTree = "<group>"; };
		1E5A595826B67C950000500C /* Draw3DMetalView.swift */ = {isa = PBXFileReference; lastKnownFileType = sourcecode.swift; path = Draw3DMetalView.swift; sourceTree = "<group>"; };
		1E5A595B26B680690000500C /* ShadersFor3D.metal */ = {isa = PBXFileReference; lastKnownFileType = sourcecode.metal; path = ShadersFor3D.metal; sourceTree = "<group>"; };
		1E5A595D26B681460000500C /* Matrix.swift */ = {isa = PBXFileReference; lastKnownFileType = sourcecode.swift; path = Matrix.swift; sourceTree = "<group>"; };
		1E6047E32669DECB00AAF2DD /* SimpleMetalView.swift */ = {isa = PBXFileReference; lastKnownFileType = sourcecode.swift; path = SimpleMetalView.swift; sourceTree = "<group>"; };
		1E6047E82669E2D500AAF2DD /* DrawTextureView.swift */ = {isa = PBXFileReference; lastKnownFileType = sourcecode.swift; path = DrawTextureView.swift; sourceTree = "<group>"; };
		1E6047E92669E2D800AAF2DD /* DrawTextureMetalView.swift */ = {isa = PBXFileReference; lastKnownFileType = sourcecode.swift; path = DrawTextureMetalView.swift; sourceTree = "<group>"; };
		1E61342F266C9EC7009A4FBC /* ParticleView.swift */ = {isa = PBXFileReference; lastKnownFileType = sourcecode.swift; path = ParticleView.swift; sourceTree = "<group>"; };
		1E613430266C9EC7009A4FBC /* ParticleMetalView.swift */ = {isa = PBXFileReference; lastKnownFileType = sourcecode.swift; path = ParticleMetalView.swift; sourceTree = "<group>"; };
		1E613431266C9EC7009A4FBC /* CommonShadersType.h */ = {isa = PBXFileReference; lastKnownFileType = sourcecode.c.h; path = CommonShadersType.h; sourceTree = "<group>"; };
		1E613432266C9EC7009A4FBC /* RandomParticleShader.metal */ = {isa = PBXFileReference; lastKnownFileType = sourcecode.metal; path = RandomParticleShader.metal; sourceTree = "<group>"; };
		1E61343D266CC052009A4FBC /* CommnShaders.metal */ = {isa = PBXFileReference; lastKnownFileType = sourcecode.metal; path = CommnShaders.metal; sourceTree = "<group>"; };
		1E7DB50226ACC77100CFF60B /* DrawIndexedPrimitiveMetalView.swift */ = {isa = PBXFileReference; lastKnownFileType = sourcecode.swift; path = DrawIndexedPrimitiveMetalView.swift; sourceTree = "<group>"; };
		1E7DB50326ACC77100CFF60B /* DrawIndexedPrimitiveView.swift */ = {isa = PBXFileReference; lastKnownFileType = sourcecode.swift; path = DrawIndexedPrimitiveView.swift; sourceTree = "<group>"; };
		1EAF6C5A266B67A100772496 /* GDPerformanceView.xcframework */ = {isa = PBXFileReference; lastKnownFileType = wrapper.xcframework; name = GDPerformanceView.xcframework; path = Carthage/Build/GDPerformanceView.xcframework; sourceTree = "<group>"; };
		1EAF6C61266B6C7C00772496 /* SimpleShaderMetalView.swift */ = {isa = PBXFileReference; lastKnownFileType = sourcecode.swift; path = SimpleShaderMetalView.swift; sourceTree = "<group>"; };
		1EAF6C62266B6C7C00772496 /* SimpleShaderView.swift */ = {isa = PBXFileReference; lastKnownFileType = sourcecode.swift; path = SimpleShaderView.swift; sourceTree = "<group>"; };
		1EAF6C65266B6D4400772496 /* SimpleShader.metal */ = {isa = PBXFileReference; lastKnownFileType = sourcecode.metal; path = SimpleShader.metal; sourceTree = "<group>"; };
		1EAF6C67266B6DE500772496 /* SimpleShaderType.h */ = {isa = PBXFileReference; lastKnownFileType = sourcecode.c.h; path = SimpleShaderType.h; sourceTree = "<group>"; };
		1EBE45B926F488F70027FBD0 /* MultiPassRenderingView.swift */ = {isa = PBXFileReference; lastKnownFileType = sourcecode.swift; path = MultiPassRenderingView.swift; sourceTree = "<group>"; };
		1EBE45BA26F488F70027FBD0 /* MultiPassRenderingMetalView.swift */ = {isa = PBXFileReference; lastKnownFileType = sourcecode.swift; path = MultiPassRenderingMetalView.swift; sourceTree = "<group>"; };
		1EC2ACD626F886D00063EE4B /* MultiPassRenderingShader.metal */ = {isa = PBXFileReference; lastKnownFileType = sourcecode.metal; path = MultiPassRenderingShader.metal; sourceTree = "<group>"; };
		1EE5073B2696824800CD34DF /* RainDropShader.metal */ = {isa = PBXFileReference; lastKnownFileType = sourcecode.metal; path = RainDropShader.metal; sourceTree = "<group>"; };
		1EE5073C2696829200CD34DF /* RainDropEffectView.swift */ = {isa = PBXFileReference; lastKnownFileType = sourcecode.swift; path = RainDropEffectView.swift; sourceTree = "<group>"; };
		1EF25D6726EF3C92004EAFD0 /* SimpleShapeView.swift */ = {isa = PBXFileReference; lastKnownFileType = sourcecode.swift; path = SimpleShapeView.swift; sourceTree = "<group>"; };
		1EF25D6826EF3C92004EAFD0 /* SimpleShapeShader.metal */ = {isa = PBXFileReference; lastKnownFileType = sourcecode.metal; path = SimpleShapeShader.metal; sourceTree = "<group>"; };
		1EF689A0268DA1A900571F3F /* TripleBufferingView.swift */ = {isa = PBXFileReference; lastKnownFileType = sourcecode.swift; path = TripleBufferingView.swift; sourceTree = "<group>"; };
		1EF689A1268DA1AB00571F3F /* TripleBufferingMetalView.swift */ = {isa = PBXFileReference; lastKnownFileType = sourcecode.swift; path = TripleBufferingMetalView.swift; sourceTree = "<group>"; };
/* End PBXFileReference section */

/* Begin PBXFrameworksBuildPhase section */
		1E1DD8522668E47100F98410 /* Frameworks */ = {
			isa = PBXFrameworksBuildPhase;
			buildActionMask = 2147483647;
			files = (
				1EAF6C5B266B67A100772496 /* GDPerformanceView.xcframework in Frameworks */,
			);
			runOnlyForDeploymentPostprocessing = 0;
		};
		1E1DD8632668E47200F98410 /* Frameworks */ = {
			isa = PBXFrameworksBuildPhase;
			buildActionMask = 2147483647;
			files = (
			);
			runOnlyForDeploymentPostprocessing = 0;
		};
		1E1DD86E2668E47200F98410 /* Frameworks */ = {
			isa = PBXFrameworksBuildPhase;
			buildActionMask = 2147483647;
			files = (
			);
			runOnlyForDeploymentPostprocessing = 0;
		};
/* End PBXFrameworksBuildPhase section */

/* Begin PBXGroup section */
		1E1DD84C2668E47100F98410 = {
			isa = PBXGroup;
			children = (
				1E1DD8572668E47100F98410 /* MetalExamples */,
				1E1DD8692668E47200F98410 /* MetalExamplesTests */,
				1E1DD8742668E47200F98410 /* MetalExamplesUITests */,
				1E1DD8562668E47100F98410 /* Products */,
				1EAF6C59266B67A100772496 /* Frameworks */,
			);
			sourceTree = "<group>";
		};
		1E1DD8562668E47100F98410 /* Products */ = {
			isa = PBXGroup;
			children = (
				1E1DD8552668E47100F98410 /* MetalExamples.app */,
				1E1DD8662668E47200F98410 /* MetalExamplesTests.xctest */,
				1E1DD8712668E47200F98410 /* MetalExamplesUITests.xctest */,
			);
			name = Products;
			sourceTree = "<group>";
		};
		1E1DD8572668E47100F98410 /* MetalExamples */ = {
			isa = PBXGroup;
			children = (
				1E1DD8582668E47100F98410 /* MetalExamplesApp.swift */,
				1E1DD85A2668E47100F98410 /* ContentView.swift */,
				1E1DD8832668E51300F98410 /* Samples */,
				1E1DD85C2668E47200F98410 /* Assets.xcassets */,
				1E1DD8612668E47200F98410 /* Info.plist */,
				1E1DD85E2668E47200F98410 /* Preview Content */,
			);
			path = MetalExamples;
			sourceTree = "<group>";
		};
		1E1DD85E2668E47200F98410 /* Preview Content */ = {
			isa = PBXGroup;
			children = (
				1E1DD85F2668E47200F98410 /* Preview Assets.xcassets */,
			);
			path = "Preview Content";
			sourceTree = "<group>";
		};
		1E1DD8692668E47200F98410 /* MetalExamplesTests */ = {
			isa = PBXGroup;
			children = (
				1E1DD86A2668E47200F98410 /* MetalExamplesTests.swift */,
				1E1DD86C2668E47200F98410 /* Info.plist */,
			);
			path = MetalExamplesTests;
			sourceTree = "<group>";
		};
		1E1DD8742668E47200F98410 /* MetalExamplesUITests */ = {
			isa = PBXGroup;
			children = (
				1E1DD8752668E47200F98410 /* MetalExamplesUITests.swift */,
				1E1DD8772668E47200F98410 /* Info.plist */,
			);
			path = MetalExamplesUITests;
			sourceTree = "<group>";
		};
		1E1DD8832668E51300F98410 /* Samples */ = {
			isa = PBXGroup;
			children = (
				1E613436266CBED5009A4FBC /* Common */,
				1E1DD8842668E53400F98410 /* Simple */,
				1E6047E72669E2BA00AAF2DD /* DrawTexture */,
				1EAF6C60266B6C7200772496 /* SimpleShader */,
				1E370BCA26D7634E0013D2FA /* DrawToCAMetalLayer */,
				1E61342E266C9EBB009A4FBC /* Particle */,
				1EF6899F268DA19600571F3F /* Triple Buffering */,
				1E4303A5269426EA00BFB25C /* VideoEffect */,
				1E7DB4FC26ACBF2100CFF60B /* DrawIndexedPrimitive */,
				1EBE45B826F488BA0027FBD0 /* MultiPassRendering */,
				1E5A595626B67C6B0000500C /* Draw3D */,
				1EE5073A2696823500CD34DF /* ShaderExamples */,
			);
			path = Samples;
			sourceTree = "<group>";
		};
		1E1DD8842668E53400F98410 /* Simple */ = {
			isa = PBXGroup;
			children = (
				1E1DD8852668E53D00F98410 /* SimpleView.swift */,
				1E6047E32669DECB00AAF2DD /* SimpleMetalView.swift */,
			);
			path = Simple;
			sourceTree = "<group>";
		};
		1E370BCA26D7634E0013D2FA /* DrawToCAMetalLayer */ = {
			isa = PBXGroup;
			children = (
				1E370BCB26D7638E0013D2FA /* DrawToCAMetalLayerView.swift */,
				1E370BCC26D7638E0013D2FA /* CAMetalLayerView.swift */,
			);
			path = DrawToCAMetalLayer;
			sourceTree = "<group>";
		};
		1E4303A5269426EA00BFB25C /* VideoEffect */ = {
			isa = PBXGroup;
			children = (
				1E4303A7269426FD00BFB25C /* VideoEffectView.swift */,
				1E4303A8269426FD00BFB25C /* VideoEffectMetalView.swift */,
				1E4303A6269426FC00BFB25C /* VideoEffectShader.metal */,
			);
			path = VideoEffect;
			sourceTree = "<group>";
		};
		1E5A595626B67C6B0000500C /* Draw3D */ = {
			isa = PBXGroup;
			children = (
				1E370BC826D762820013D2FA /* MathUtilities.swift */,
				1E5A595726B67C950000500C /* Draw3DView.swift */,
				1E5A595826B67C950000500C /* Draw3DMetalView.swift */,
				1E5A595D26B681460000500C /* Matrix.swift */,
				1E5A595B26B680690000500C /* ShadersFor3D.metal */,
			);
			path = Draw3D;
			sourceTree = "<group>";
		};
		1E6047E72669E2BA00AAF2DD /* DrawTexture */ = {
			isa = PBXGroup;
			children = (
				1E6047E82669E2D500AAF2DD /* DrawTextureView.swift */,
				1E6047E92669E2D800AAF2DD /* DrawTextureMetalView.swift */,
			);
			path = DrawTexture;
			sourceTree = "<group>";
		};
		1E61342E266C9EBB009A4FBC /* Particle */ = {
			isa = PBXGroup;
			children = (
				1E61342F266C9EC7009A4FBC /* ParticleView.swift */,
				1E613430266C9EC7009A4FBC /* ParticleMetalView.swift */,
				1E613432266C9EC7009A4FBC /* RandomParticleShader.metal */,
			);
			path = Particle;
			sourceTree = "<group>";
		};
		1E613436266CBED5009A4FBC /* Common */ = {
			isa = PBXGroup;
			children = (
				1E613431266C9EC7009A4FBC /* CommonShadersType.h */,
				1E61343D266CC052009A4FBC /* CommnShaders.metal */,
				1E18AD0D26942BFE00C70468 /* CVPixelBuffer+Ext.swift */,
				1E18AD0926942B5500C70468 /* FrameVideoRecorder.swift */,
				1E18AD0A26942B5600C70468 /* VideoWriter.swift */,
			);
			path = Common;
			sourceTree = "<group>";
		};
		1E7DB4FC26ACBF2100CFF60B /* DrawIndexedPrimitive */ = {
			isa = PBXGroup;
			children = (
				1E7DB50326ACC77100CFF60B /* DrawIndexedPrimitiveView.swift */,
				1E7DB50226ACC77100CFF60B /* DrawIndexedPrimitiveMetalView.swift */,
			);
			path = DrawIndexedPrimitive;
			sourceTree = "<group>";
		};
		1EAF6C59266B67A100772496 /* Frameworks */ = {
			isa = PBXGroup;
			children = (
				1EAF6C5A266B67A100772496 /* GDPerformanceView.xcframework */,
			);
			name = Frameworks;
			sourceTree = "<group>";
		};
		1EAF6C60266B6C7200772496 /* SimpleShader */ = {
			isa = PBXGroup;
			children = (
				1EAF6C62266B6C7C00772496 /* SimpleShaderView.swift */,
				1EAF6C61266B6C7C00772496 /* SimpleShaderMetalView.swift */,
				1EAF6C65266B6D4400772496 /* SimpleShader.metal */,
				1EAF6C67266B6DE500772496 /* SimpleShaderType.h */,
			);
			path = SimpleShader;
			sourceTree = "<group>";
		};
		1EBE45B826F488BA0027FBD0 /* MultiPassRendering */ = {
			isa = PBXGroup;
			children = (
				1EBE45B926F488F70027FBD0 /* MultiPassRenderingView.swift */,
				1EBE45BA26F488F70027FBD0 /* MultiPassRenderingMetalView.swift */,
				1EC2ACD626F886D00063EE4B /* MultiPassRenderingShader.metal */,
			);
			path = MultiPassRendering;
			sourceTree = "<group>";
		};
		1EE5073A2696823500CD34DF /* ShaderExamples */ = {
			isa = PBXGroup;
			children = (
				1EF25D6626EF3C7B004EAFD0 /* SimpleShape */,
				1EE5073D2696829A00CD34DF /* RainDrop */,
			);
			path = ShaderExamples;
			sourceTree = "<group>";
		};
		1EE5073D2696829A00CD34DF /* RainDrop */ = {
			isa = PBXGroup;
			children = (
				1EE5073C2696829200CD34DF /* RainDropEffectView.swift */,
				1EE5073B2696824800CD34DF /* RainDropShader.metal */,
			);
			path = RainDrop;
			sourceTree = "<group>";
		};
		1EF25D6626EF3C7B004EAFD0 /* SimpleShape */ = {
			isa = PBXGroup;
			children = (
				1EF25D6726EF3C92004EAFD0 /* SimpleShapeView.swift */,
				1EF25D6826EF3C92004EAFD0 /* SimpleShapeShader.metal */,
			);
			path = SimpleShape;
			sourceTree = "<group>";
		};
		1EF6899F268DA19600571F3F /* Triple Buffering */ = {
			isa = PBXGroup;
			children = (
				1EF689A0268DA1A900571F3F /* TripleBufferingView.swift */,
				1EF689A1268DA1AB00571F3F /* TripleBufferingMetalView.swift */,
				1E32D80B268EF131006BAC95 /* StoredParticleShader.metal */,
			);
			path = "Triple Buffering";
			sourceTree = "<group>";
		};
/* End PBXGroup section */

/* Begin PBXNativeTarget section */
		1E1DD8542668E47100F98410 /* MetalExamples */ = {
			isa = PBXNativeTarget;
			buildConfigurationList = 1E1DD87A2668E47200F98410 /* Build configuration list for PBXNativeTarget "MetalExamples" */;
			buildPhases = (
				1E1DD8512668E47100F98410 /* Sources */,
				1E1DD8522668E47100F98410 /* Frameworks */,
				1E1DD8532668E47100F98410 /* Resources */,
				1EAF6C5D266B67A100772496 /* Embed Frameworks */,
				1EAF6C5F266B683900772496 /* ShellScript */,
			);
			buildRules = (
			);
			dependencies = (
			);
			name = MetalExamples;
			productName = MetalExamples;
			productReference = 1E1DD8552668E47100F98410 /* MetalExamples.app */;
			productType = "com.apple.product-type.application";
		};
		1E1DD8652668E47200F98410 /* MetalExamplesTests */ = {
			isa = PBXNativeTarget;
			buildConfigurationList = 1E1DD87D2668E47200F98410 /* Build configuration list for PBXNativeTarget "MetalExamplesTests" */;
			buildPhases = (
				1E1DD8622668E47200F98410 /* Sources */,
				1E1DD8632668E47200F98410 /* Frameworks */,
				1E1DD8642668E47200F98410 /* Resources */,
			);
			buildRules = (
			);
			dependencies = (
				1E1DD8682668E47200F98410 /* PBXTargetDependency */,
			);
			name = MetalExamplesTests;
			productName = MetalExamplesTests;
			productReference = 1E1DD8662668E47200F98410 /* MetalExamplesTests.xctest */;
			productType = "com.apple.product-type.bundle.unit-test";
		};
		1E1DD8702668E47200F98410 /* MetalExamplesUITests */ = {
			isa = PBXNativeTarget;
			buildConfigurationList = 1E1DD8802668E47200F98410 /* Build configuration list for PBXNativeTarget "MetalExamplesUITests" */;
			buildPhases = (
				1E1DD86D2668E47200F98410 /* Sources */,
				1E1DD86E2668E47200F98410 /* Frameworks */,
				1E1DD86F2668E47200F98410 /* Resources */,
			);
			buildRules = (
			);
			dependencies = (
				1E1DD8732668E47200F98410 /* PBXTargetDependency */,
			);
			name = MetalExamplesUITests;
			productName = MetalExamplesUITests;
			productReference = 1E1DD8712668E47200F98410 /* MetalExamplesUITests.xctest */;
			productType = "com.apple.product-type.bundle.ui-testing";
		};
/* End PBXNativeTarget section */

/* Begin PBXProject section */
		1E1DD84D2668E47100F98410 /* Project object */ = {
			isa = PBXProject;
			attributes = {
				LastSwiftUpdateCheck = 1250;
				LastUpgradeCheck = 1250;
				TargetAttributes = {
					1E1DD8542668E47100F98410 = {
						CreatedOnToolsVersion = 12.5;
					};
					1E1DD8652668E47200F98410 = {
						CreatedOnToolsVersion = 12.5;
						TestTargetID = 1E1DD8542668E47100F98410;
					};
					1E1DD8702668E47200F98410 = {
						CreatedOnToolsVersion = 12.5;
						TestTargetID = 1E1DD8542668E47100F98410;
					};
				};
			};
			buildConfigurationList = 1E1DD8502668E47100F98410 /* Build configuration list for PBXProject "MetalExamples" */;
			compatibilityVersion = "Xcode 9.3";
			developmentRegion = en;
			hasScannedForEncodings = 0;
			knownRegions = (
				en,
				Base,
			);
			mainGroup = 1E1DD84C2668E47100F98410;
			productRefGroup = 1E1DD8562668E47100F98410 /* Products */;
			projectDirPath = "";
			projectRoot = "";
			targets = (
				1E1DD8542668E47100F98410 /* MetalExamples */,
				1E1DD8652668E47200F98410 /* MetalExamplesTests */,
				1E1DD8702668E47200F98410 /* MetalExamplesUITests */,
			);
		};
/* End PBXProject section */

/* Begin PBXResourcesBuildPhase section */
		1E1DD8532668E47100F98410 /* Resources */ = {
			isa = PBXResourcesBuildPhase;
			buildActionMask = 2147483647;
			files = (
				1E1DD8602668E47200F98410 /* Preview Assets.xcassets in Resources */,
				1E1DD85D2668E47200F98410 /* Assets.xcassets in Resources */,
			);
			runOnlyForDeploymentPostprocessing = 0;
		};
		1E1DD8642668E47200F98410 /* Resources */ = {
			isa = PBXResourcesBuildPhase;
			buildActionMask = 2147483647;
			files = (
			);
			runOnlyForDeploymentPostprocessing = 0;
		};
		1E1DD86F2668E47200F98410 /* Resources */ = {
			isa = PBXResourcesBuildPhase;
			buildActionMask = 2147483647;
			files = (
			);
			runOnlyForDeploymentPostprocessing = 0;
		};
/* End PBXResourcesBuildPhase section */

/* Begin PBXShellScriptBuildPhase section */
		1EAF6C5F266B683900772496 /* ShellScript */ = {
			isa = PBXShellScriptBuildPhase;
			buildActionMask = 2147483647;
			files = (
			);
			inputFileListPaths = (
				"$(SRCROOT)/Carthage/Build/GDPerformanceView.xcframework",
			);
			inputPaths = (
			);
			outputFileListPaths = (
			);
			outputPaths = (
			);
			runOnlyForDeploymentPostprocessing = 0;
			shellPath = /bin/sh;
			shellScript = "# Type a script or drag a script file from your workspace to insert its path.\n/usr/local/bin/carthage copy-frameworks\n";
		};
/* End PBXShellScriptBuildPhase section */

/* Begin PBXSourcesBuildPhase section */
		1E1DD8512668E47100F98410 /* Sources */ = {
			isa = PBXSourcesBuildPhase;
			buildActionMask = 2147483647;
			files = (
				1EF25D6926EF3CF0004EAFD0 /* SimpleShapeView.swift in Sources */,
				1E32D80C268EF131006BAC95 /* StoredParticleShader.metal in Sources */,
				1EE5073E269682D600CD34DF /* RainDropShader.metal in Sources */,
				1E613435266C9F11009A4FBC /* RandomParticleShader.metal in Sources */,
				1E5A595A26B67D090000500C /* Draw3DMetalView.swift in Sources */,
				1E6047E42669DECB00AAF2DD /* SimpleMetalView.swift in Sources */,
				1E613434266C9F0E009A4FBC /* ParticleMetalView.swift in Sources */,
				1E5A595C26B680690000500C /* ShadersFor3D.metal in Sources */,
				1E437C2D26942770001D1CCF /* VideoEffectMetalView.swift in Sources */,
				1E18AD0B26942B5600C70468 /* VideoWriter.swift in Sources */,
				1E6047EA2669E3BF00AAF2DD /* DrawTextureView.swift in Sources */,
				1E1DD85B2668E47100F98410 /* ContentView.swift in Sources */,
				1E7DB50426ACC7A900CFF60B /* DrawIndexedPrimitiveView.swift in Sources */,
				1E61343E266CC052009A4FBC /* CommnShaders.metal in Sources */,
				1EBE45BB26F489130027FBD0 /* MultiPassRenderingView.swift in Sources */,
				1EE5073F269682FA00CD34DF /* RainDropEffectView.swift in Sources */,
				1E18AD0E26942BFE00C70468 /* CVPixelBuffer+Ext.swift in Sources */,
				1EF689A3268DA21500571F3F /* TripleBufferingMetalView.swift in Sources */,
				1E613433266C9F0B009A4FBC /* ParticleView.swift in Sources */,
				1E18AD0C26942B5600C70468 /* FrameVideoRecorder.swift in Sources */,
				1E1DD8592668E47100F98410 /* MetalExamplesApp.swift in Sources */,
				1EBE45BC26F489160027FBD0 /* MultiPassRenderingMetalView.swift in Sources */,
				1EF25D6A26EF3CF4004EAFD0 /* SimpleShapeShader.metal in Sources */,
				1E6047EB2669E3C200AAF2DD /* DrawTextureMetalView.swift in Sources */,
				1E7DB50526ACC7AC00CFF60B /* DrawIndexedPrimitiveMetalView.swift in Sources */,
				1E5A595926B67D050000500C /* Draw3DView.swift in Sources */,
				1E370BC926D762820013D2FA /* MathUtilities.swift in Sources */,
				1E370BCD26D764AA0013D2FA /* DrawToCAMetalLayerView.swift in Sources */,
				1EAF6C64266B6CD400772496 /* SimpleShaderMetalView.swift in Sources */,
				1EAF6C66266B6D4400772496 /* SimpleShader.metal in Sources */,
				1E437C2C2694276D001D1CCF /* VideoEffectView.swift in Sources */,
				1E1DD8862668E53D00F98410 /* SimpleView.swift in Sources */,
				1E5A595E26B681460000500C /* Matrix.swift in Sources */,
				1EAF6C63266B6CD200772496 /* SimpleShaderView.swift in Sources */,
				1E370BCE26D764B00013D2FA /* CAMetalLayerView.swift in Sources */,
				1EF689A2268DA21200571F3F /* TripleBufferingView.swift in Sources */,
				1E8CF5E826959EF100FE2F4B /* VideoEffectShader.metal in Sources */,
				1EC2ACD726F886D00063EE4B /* MultiPassRenderingShader.metal in Sources */,
			);
			runOnlyForDeploymentPostprocessing = 0;
		};
		1E1DD8622668E47200F98410 /* Sources */ = {
			isa = PBXSourcesBuildPhase;
			buildActionMask = 2147483647;
			files = (
				1E1DD86B2668E47200F98410 /* MetalExamplesTests.swift in Sources */,
			);
			runOnlyForDeploymentPostprocessing = 0;
		};
		1E1DD86D2668E47200F98410 /* Sources */ = {
			isa = PBXSourcesBuildPhase;
			buildActionMask = 2147483647;
			files = (
				1E1DD8762668E47200F98410 /* MetalExamplesUITests.swift in Sources */,
			);
			runOnlyForDeploymentPostprocessing = 0;
		};
/* End PBXSourcesBuildPhase section */

/* Begin PBXTargetDependency section */
		1E1DD8682668E47200F98410 /* PBXTargetDependency */ = {
			isa = PBXTargetDependency;
			target = 1E1DD8542668E47100F98410 /* MetalExamples */;
			targetProxy = 1E1DD8672668E47200F98410 /* PBXContainerItemProxy */;
		};
		1E1DD8732668E47200F98410 /* PBXTargetDependency */ = {
			isa = PBXTargetDependency;
			target = 1E1DD8542668E47100F98410 /* MetalExamples */;
			targetProxy = 1E1DD8722668E47200F98410 /* PBXContainerItemProxy */;
		};
/* End PBXTargetDependency section */

/* Begin XCBuildConfiguration section */
		1E1DD8782668E47200F98410 /* Debug */ = {
			isa = XCBuildConfiguration;
			buildSettings = {
				ALWAYS_SEARCH_USER_PATHS = NO;
				CLANG_ANALYZER_NONNULL = YES;
				CLANG_ANALYZER_NUMBER_OBJECT_CONVERSION = YES_AGGRESSIVE;
				CLANG_CXX_LANGUAGE_STANDARD = "gnu++14";
				CLANG_CXX_LIBRARY = "libc++";
				CLANG_ENABLE_MODULES = YES;
				CLANG_ENABLE_OBJC_ARC = YES;
				CLANG_ENABLE_OBJC_WEAK = YES;
				CLANG_WARN_BLOCK_CAPTURE_AUTORELEASING = YES;
				CLANG_WARN_BOOL_CONVERSION = YES;
				CLANG_WARN_COMMA = YES;
				CLANG_WARN_CONSTANT_CONVERSION = YES;
				CLANG_WARN_DEPRECATED_OBJC_IMPLEMENTATIONS = YES;
				CLANG_WARN_DIRECT_OBJC_ISA_USAGE = YES_ERROR;
				CLANG_WARN_DOCUMENTATION_COMMENTS = YES;
				CLANG_WARN_EMPTY_BODY = YES;
				CLANG_WARN_ENUM_CONVERSION = YES;
				CLANG_WARN_INFINITE_RECURSION = YES;
				CLANG_WARN_INT_CONVERSION = YES;
				CLANG_WARN_NON_LITERAL_NULL_CONVERSION = YES;
				CLANG_WARN_OBJC_IMPLICIT_RETAIN_SELF = YES;
				CLANG_WARN_OBJC_LITERAL_CONVERSION = YES;
				CLANG_WARN_OBJC_ROOT_CLASS = YES_ERROR;
				CLANG_WARN_QUOTED_INCLUDE_IN_FRAMEWORK_HEADER = YES;
				CLANG_WARN_RANGE_LOOP_ANALYSIS = YES;
				CLANG_WARN_STRICT_PROTOTYPES = YES;
				CLANG_WARN_SUSPICIOUS_MOVE = YES;
				CLANG_WARN_UNGUARDED_AVAILABILITY = YES_AGGRESSIVE;
				CLANG_WARN_UNREACHABLE_CODE = YES;
				CLANG_WARN__DUPLICATE_METHOD_MATCH = YES;
				COPY_PHASE_STRIP = NO;
				DEBUG_INFORMATION_FORMAT = dwarf;
				ENABLE_STRICT_OBJC_MSGSEND = YES;
				ENABLE_TESTABILITY = YES;
				GCC_C_LANGUAGE_STANDARD = gnu11;
				GCC_DYNAMIC_NO_PIC = NO;
				GCC_NO_COMMON_BLOCKS = YES;
				GCC_OPTIMIZATION_LEVEL = 0;
				GCC_PREPROCESSOR_DEFINITIONS = (
					"DEBUG=1",
					"$(inherited)",
				);
				GCC_WARN_64_TO_32_BIT_CONVERSION = YES;
				GCC_WARN_ABOUT_RETURN_TYPE = YES_ERROR;
				GCC_WARN_UNDECLARED_SELECTOR = YES;
				GCC_WARN_UNINITIALIZED_AUTOS = YES_AGGRESSIVE;
				GCC_WARN_UNUSED_FUNCTION = YES;
				GCC_WARN_UNUSED_VARIABLE = YES;
				IPHONEOS_DEPLOYMENT_TARGET = 14.5;
				MTL_ENABLE_DEBUG_INFO = INCLUDE_SOURCE;
				MTL_FAST_MATH = YES;
				ONLY_ACTIVE_ARCH = YES;
				SDKROOT = iphoneos;
				SWIFT_ACTIVE_COMPILATION_CONDITIONS = DEBUG;
				SWIFT_OPTIMIZATION_LEVEL = "-Onone";
			};
			name = Debug;
		};
		1E1DD8792668E47200F98410 /* Release */ = {
			isa = XCBuildConfiguration;
			buildSettings = {
				ALWAYS_SEARCH_USER_PATHS = NO;
				CLANG_ANALYZER_NONNULL = YES;
				CLANG_ANALYZER_NUMBER_OBJECT_CONVERSION = YES_AGGRESSIVE;
				CLANG_CXX_LANGUAGE_STANDARD = "gnu++14";
				CLANG_CXX_LIBRARY = "libc++";
				CLANG_ENABLE_MODULES = YES;
				CLANG_ENABLE_OBJC_ARC = YES;
				CLANG_ENABLE_OBJC_WEAK = YES;
				CLANG_WARN_BLOCK_CAPTURE_AUTORELEASING = YES;
				CLANG_WARN_BOOL_CONVERSION = YES;
				CLANG_WARN_COMMA = YES;
				CLANG_WARN_CONSTANT_CONVERSION = YES;
				CLANG_WARN_DEPRECATED_OBJC_IMPLEMENTATIONS = YES;
				CLANG_WARN_DIRECT_OBJC_ISA_USAGE = YES_ERROR;
				CLANG_WARN_DOCUMENTATION_COMMENTS = YES;
				CLANG_WARN_EMPTY_BODY = YES;
				CLANG_WARN_ENUM_CONVERSION = YES;
				CLANG_WARN_INFINITE_RECURSION = YES;
				CLANG_WARN_INT_CONVERSION = YES;
				CLANG_WARN_NON_LITERAL_NULL_CONVERSION = YES;
				CLANG_WARN_OBJC_IMPLICIT_RETAIN_SELF = YES;
				CLANG_WARN_OBJC_LITERAL_CONVERSION = YES;
				CLANG_WARN_OBJC_ROOT_CLASS = YES_ERROR;
				CLANG_WARN_QUOTED_INCLUDE_IN_FRAMEWORK_HEADER = YES;
				CLANG_WARN_RANGE_LOOP_ANALYSIS = YES;
				CLANG_WARN_STRICT_PROTOTYPES = YES;
				CLANG_WARN_SUSPICIOUS_MOVE = YES;
				CLANG_WARN_UNGUARDED_AVAILABILITY = YES_AGGRESSIVE;
				CLANG_WARN_UNREACHABLE_CODE = YES;
				CLANG_WARN__DUPLICATE_METHOD_MATCH = YES;
				COPY_PHASE_STRIP = NO;
				DEBUG_INFORMATION_FORMAT = "dwarf-with-dsym";
				ENABLE_NS_ASSERTIONS = NO;
				ENABLE_STRICT_OBJC_MSGSEND = YES;
				GCC_C_LANGUAGE_STANDARD = gnu11;
				GCC_NO_COMMON_BLOCKS = YES;
				GCC_WARN_64_TO_32_BIT_CONVERSION = YES;
				GCC_WARN_ABOUT_RETURN_TYPE = YES_ERROR;
				GCC_WARN_UNDECLARED_SELECTOR = YES;
				GCC_WARN_UNINITIALIZED_AUTOS = YES_AGGRESSIVE;
				GCC_WARN_UNUSED_FUNCTION = YES;
				GCC_WARN_UNUSED_VARIABLE = YES;
				IPHONEOS_DEPLOYMENT_TARGET = 14.5;
				MTL_ENABLE_DEBUG_INFO = NO;
				MTL_FAST_MATH = YES;
				SDKROOT = iphoneos;
				SWIFT_COMPILATION_MODE = wholemodule;
				SWIFT_OPTIMIZATION_LEVEL = "-O";
				VALIDATE_PRODUCT = YES;
			};
			name = Release;
		};
		1E1DD87B2668E47200F98410 /* Debug */ = {
			isa = XCBuildConfiguration;
			buildSettings = {
				ASSETCATALOG_COMPILER_APPICON_NAME = AppIcon;
				ASSETCATALOG_COMPILER_GLOBAL_ACCENT_COLOR_NAME = AccentColor;
				CODE_SIGN_STYLE = Automatic;
				DEVELOPMENT_ASSET_PATHS = "\"MetalExamples/Preview Content\"";
				DEVELOPMENT_TEAM = P67QP7Z567;
				ENABLE_PREVIEWS = YES;
				INFOPLIST_FILE = MetalExamples/Info.plist;
				IPHONEOS_DEPLOYMENT_TARGET = 14.0;
				LD_RUNPATH_SEARCH_PATHS = (
					"$(inherited)",
					"@executable_path/Frameworks",
				);
				PRODUCT_BUNDLE_IDENTIFIER = Examples.app.MetalExamples;
				PRODUCT_NAME = "$(TARGET_NAME)";
				SWIFT_OBJC_BRIDGING_HEADER = "$(SRCROOT)/MetalExamples/Samples/Common/CommonShadersType.h";
				SWIFT_VERSION = 5.0;
				TARGETED_DEVICE_FAMILY = "1,2";
			};
			name = Debug;
		};
		1E1DD87C2668E47200F98410 /* Release */ = {
			isa = XCBuildConfiguration;
			buildSettings = {
				ASSETCATALOG_COMPILER_APPICON_NAME = AppIcon;
				ASSETCATALOG_COMPILER_GLOBAL_ACCENT_COLOR_NAME = AccentColor;
				CODE_SIGN_STYLE = Automatic;
				DEVELOPMENT_ASSET_PATHS = "\"MetalExamples/Preview Content\"";
				DEVELOPMENT_TEAM = P67QP7Z567;
				ENABLE_PREVIEWS = YES;
				INFOPLIST_FILE = MetalExamples/Info.plist;
				IPHONEOS_DEPLOYMENT_TARGET = 14.0;
				LD_RUNPATH_SEARCH_PATHS = (
					"$(inherited)",
					"@executable_path/Frameworks",
				);
				PRODUCT_BUNDLE_IDENTIFIER = Examples.app.MetalExamples;
				PRODUCT_NAME = "$(TARGET_NAME)";
				SWIFT_OBJC_BRIDGING_HEADER = "$(SRCROOT)/MetalExamples/Samples/Common/CommonShadersType.h";
				SWIFT_VERSION = 5.0;
				TARGETED_DEVICE_FAMILY = "1,2";
			};
			name = Release;
		};
		1E1DD87E2668E47200F98410 /* Debug */ = {
			isa = XCBuildConfiguration;
			buildSettings = {
				ALWAYS_EMBED_SWIFT_STANDARD_LIBRARIES = YES;
				BUNDLE_LOADER = "$(TEST_HOST)";
				CODE_SIGN_STYLE = Automatic;
				DEVELOPMENT_TEAM = P67QP7Z567;
				INFOPLIST_FILE = MetalExamplesTests/Info.plist;
				IPHONEOS_DEPLOYMENT_TARGET = 14.0;
				LD_RUNPATH_SEARCH_PATHS = (
					"$(inherited)",
					"@executable_path/Frameworks",
					"@loader_path/Frameworks",
				);
				PRODUCT_BUNDLE_IDENTIFIER = Examples.app.MetalExamplesTests;
				PRODUCT_NAME = "$(TARGET_NAME)";
				SWIFT_VERSION = 5.0;
				TARGETED_DEVICE_FAMILY = "1,2";
				TEST_HOST = "$(BUILT_PRODUCTS_DIR)/MetalExamples.app/MetalExamples";
			};
			name = Debug;
		};
		1E1DD87F2668E47200F98410 /* Release */ = {
			isa = XCBuildConfiguration;
			buildSettings = {
				ALWAYS_EMBED_SWIFT_STANDARD_LIBRARIES = YES;
				BUNDLE_LOADER = "$(TEST_HOST)";
				CODE_SIGN_STYLE = Automatic;
				DEVELOPMENT_TEAM = P67QP7Z567;
				INFOPLIST_FILE = MetalExamplesTests/Info.plist;
				IPHONEOS_DEPLOYMENT_TARGET = 14.0;
				LD_RUNPATH_SEARCH_PATHS = (
					"$(inherited)",
					"@executable_path/Frameworks",
					"@loader_path/Frameworks",
				);
				PRODUCT_BUNDLE_IDENTIFIER = Examples.app.MetalExamplesTests;
				PRODUCT_NAME = "$(TARGET_NAME)";
				SWIFT_VERSION = 5.0;
				TARGETED_DEVICE_FAMILY = "1,2";
				TEST_HOST = "$(BUILT_PRODUCTS_DIR)/MetalExamples.app/MetalExamples";
			};
			name = Release;
		};
		1E1DD8812668E47200F98410 /* Debug */ = {
			isa = XCBuildConfiguration;
			buildSettings = {
				ALWAYS_EMBED_SWIFT_STANDARD_LIBRARIES = YES;
				CODE_SIGN_STYLE = Automatic;
				DEVELOPMENT_TEAM = P67QP7Z567;
				INFOPLIST_FILE = MetalExamplesUITests/Info.plist;
				LD_RUNPATH_SEARCH_PATHS = (
					"$(inherited)",
					"@executable_path/Frameworks",
					"@loader_path/Frameworks",
				);
				PRODUCT_BUNDLE_IDENTIFIER = Examples.app.MetalExamplesUITests;
				PRODUCT_NAME = "$(TARGET_NAME)";
				SWIFT_VERSION = 5.0;
				TARGETED_DEVICE_FAMILY = "1,2";
				TEST_TARGET_NAME = MetalExamples;
			};
			name = Debug;
		};
		1E1DD8822668E47200F98410 /* Release */ = {
			isa = XCBuildConfiguration;
			buildSettings = {
				ALWAYS_EMBED_SWIFT_STANDARD_LIBRARIES = YES;
				CODE_SIGN_STYLE = Automatic;
				DEVELOPMENT_TEAM = P67QP7Z567;
				INFOPLIST_FILE = MetalExamplesUITests/Info.plist;
				LD_RUNPATH_SEARCH_PATHS = (
					"$(inherited)",
					"@executable_path/Frameworks",
					"@loader_path/Frameworks",
				);
				PRODUCT_BUNDLE_IDENTIFIER = Examples.app.MetalExamplesUITests;
				PRODUCT_NAME = "$(TARGET_NAME)";
				SWIFT_VERSION = 5.0;
				TARGETED_DEVICE_FAMILY = "1,2";
				TEST_TARGET_NAME = MetalExamples;
			};
			name = Release;
		};
/* End XCBuildConfiguration section */

/* Begin XCConfigurationList section */
		1E1DD8502668E47100F98410 /* Build configuration list for PBXProject "MetalExamples" */ = {
			isa = XCConfigurationList;
			buildConfigurations = (
				1E1DD8782668E47200F98410 /* Debug */,
				1E1DD8792668E47200F98410 /* Release */,
			);
			defaultConfigurationIsVisible = 0;
			defaultConfigurationName = Release;
		};
		1E1DD87A2668E47200F98410 /* Build configuration list for PBXNativeTarget "MetalExamples" */ = {
			isa = XCConfigurationList;
			buildConfigurations = (
				1E1DD87B2668E47200F98410 /* Debug */,
				1E1DD87C2668E47200F98410 /* Release */,
			);
			defaultConfigurationIsVisible = 0;
			defaultConfigurationName = Release;
		};
		1E1DD87D2668E47200F98410 /* Build configuration list for PBXNativeTarget "MetalExamplesTests" */ = {
			isa = XCConfigurationList;
			buildConfigurations = (
				1E1DD87E2668E47200F98410 /* Debug */,
				1E1DD87F2668E47200F98410 /* Release */,
			);
			defaultConfigurationIsVisible = 0;
			defaultConfigurationName = Release;
		};
		1E1DD8802668E47200F98410 /* Build configuration list for PBXNativeTarget "MetalExamplesUITests" */ = {
			isa = XCConfigurationList;
			buildConfigurations = (
				1E1DD8812668E47200F98410 /* Debug */,
				1E1DD8822668E47200F98410 /* Release */,
			);
			defaultConfigurationIsVisible = 0;
			defaultConfigurationName = Release;
		};
/* End XCConfigurationList section */
	};
	rootObject = 1E1DD84D2668E47100F98410 /* Project object */;
}
